
Microsoft Visual Studio Solution File, Format Version 12.00
# Visual Studio Version 17
VisualStudioVersion = 17.11.35327.3
MinimumVisualStudioVersion = 10.0.40219.1
Project("{FAE04EC0-301F-11D3-BF4B-00C04F79EFBC}") = "BedBankReports.API", "BedBankReports.API.csproj", "{2833669A-08AD-41CB-B47B-D62E2F155A94}"
EndProject
Global
	GlobalSection(SolutionConfigurationPlatforms) = preSolution
		Debug|Any CPU = Debug|Any CPU
		Release|Any CPU = Release|Any CPU
	EndGlobalSection
	GlobalSection(ProjectConfigurationPlatforms) = postSolution
		{2833669A-08AD-41CB-B47B-D62E2F155A94}.Debug|Any CPU.ActiveCfg = Debug|Any CPU
		{2833669A-08AD-41CB-B47B-D62E2F155A94}.Debug|Any CPU.Build.0 = Debug|Any CPU
		{2833669A-08AD-41CB-B47B-D62E2F155A94}.Release|Any CPU.ActiveCfg = Release|Any CPU
		{2833669A-08AD-41CB-B47B-D62E2F155A94}.Release|Any CPU.Build.0 = Release|Any CPU
	EndGlobalSection
	GlobalSection(SolutionProperties) = preSolution
		HideSolutionNode = FALSE
	EndGlobalSection
	GlobalSection(ExtensibilityGlobals) = postSolution
		SolutionGuid = {786175A1-1F4C-498C-8EC0-1D0EB90944B0}
	EndGlobalSection
EndGlobal
